
Microsoft Visual Studio Solution File, Format Version 12.00
# Visual Studio Version 17
VisualStudioVersion = 17.10.35027.167
MinimumVisualStudioVersion = 10.0.40219.1
Project("{9A19103F-16F7-4668-BE54-9A1E7A4F7556}") = "BookReviews2024", "BookReviews2024.csproj", "{85AEA492-376F-4B3F-A892-1CC3E93FFDBB}"
EndProject
Project("{2150E333-8FDC-42A3-9474-1A3956D46DE8}") = "Solution Items", "Solution Items", "{9B0D33E4-8982-44E2-B4E0-F22DAC57FE62}"
	ProjectSection(SolutionItems) = preProject
		..\Docs\SiteMap.md = ..\Docs\SiteMap.md
	EndProjectSection
EndProject
Global
	GlobalSection(SolutionConfigurationPlatforms) = preSolution
		Debug|Any CPU = Debug|Any CPU
		Release|Any CPU = Release|Any CPU
	EndGlobalSection
	GlobalSection(ProjectConfigurationPlatforms) = postSolution
		{85AEA492-376F-4B3F-A892-1CC3E93FFDBB}.Debug|Any CPU.ActiveCfg = Debug|Any CPU
		{85AEA492-376F-4B3F-A892-1CC3E93FFDBB}.Debug|Any CPU.Build.0 = Debug|Any CPU
		{85AEA492-376F-4B3F-A892-1CC3E93FFDBB}.Release|Any CPU.ActiveCfg = Release|Any CPU
		{85AEA492-376F-4B3F-A892-1CC3E93FFDBB}.Release|Any CPU.Build.0 = Release|Any CPU
	EndGlobalSection
	GlobalSection(SolutionProperties) = preSolution
		HideSolutionNode = FALSE
	EndGlobalSection
	GlobalSection(ExtensibilityGlobals) = postSolution
		SolutionGuid = {B144B78F-FE7D-477C-8AF3-81C551B57303}
	EndGlobalSection
EndGlobal
